// !$*UTF8*$!
{
	archiveVersion = 1;
	classes = {
	};
	objectVersion = 46;
	objects = {

/* Begin PBXBuildFile section */
		200001821DE31F3300DB715D /* AppDelegate.swift in Sources */ = {isa = PBXBuildFile; fileRef = 200001811DE31F3300DB715D /* AppDelegate.swift */; };
		200001841DE31F3300DB715D /* ViewController.swift in Sources */ = {isa = PBXBuildFile; fileRef = 200001831DE31F3300DB715D /* ViewController.swift */; };
		200001871DE31F3300DB715D /* Main.storyboard in Resources */ = {isa = PBXBuildFile; fileRef = 200001851DE31F3300DB715D /* Main.storyboard */; };
		200001891DE31F3300DB715D /* Assets.xcassets in Resources */ = {isa = PBXBuildFile; fileRef = 200001881DE31F3300DB715D /* Assets.xcassets */; };
		2000018C1DE31F3300DB715D /* LaunchScreen.storyboard in Resources */ = {isa = PBXBuildFile; fileRef = 2000018A1DE31F3300DB715D /* LaunchScreen.storyboard */; };
		200001941DE31F6000DB715D /* GradientView.swift in Sources */ = {isa = PBXBuildFile; fileRef = 200001931DE31F6000DB715D /* GradientView.swift */; };
/* End PBXBuildFile section */

/* Begin PBXCopyFilesBuildPhase section */
		20C99D3D1DE7242A00584943 /* Embed Frameworks */ = {
			isa = PBXCopyFilesBuildPhase;
			buildActionMask = 2147483647;
			dstPath = "";
			dstSubfolderSpec = 10;
			files = (
			);
			name = "Embed Frameworks";
			runOnlyForDeploymentPostprocessing = 0;
		};
/* End PBXCopyFilesBuildPhase section */

/* Begin PBXFileReference section */
		2000017E1DE31F3300DB715D /* Desingables.app */ = {isa = PBXFileReference; explicitFileType = wrapper.application; includeInIndex = 0; path = Desingables.app; sourceTree = BUILT_PRODUCTS_DIR; };
		200001811DE31F3300DB715D /* AppDelegate.swift */ = {isa = PBXFileReference; lastKnownFileType = sourcecode.swift; path = AppDelegate.swift; sourceTree = "<group>"; };
		200001831DE31F3300DB715D /* ViewController.swift */ = {isa = PBXFileReference; lastKnownFileType = sourcecode.swift; path = ViewController.swift; sourceTree = "<group>"; };
		200001861DE31F3300DB715D /* Base */ = {isa = PBXFileReference; lastKnownFileType = file.storyboard; name = Base; path = Base.lproj/Main.storyboard; sourceTree = "<group>"; };
		200001881DE31F3300DB715D /* Assets.xcassets */ = {isa = PBXFileReference; lastKnownFileType = folder.assetcatalog; path = Assets.xcassets; sourceTree = "<group>"; };
		2000018B1DE31F3300DB715D /* Base */ = {isa = PBXFileReference; lastKnownFileType = file.storyboard; name = Base; path = Base.lproj/LaunchScreen.storyboard; sourceTree = "<group>"; };
		2000018D1DE31F3300DB715D /* Info.plist */ = {isa = PBXFileReference; lastKnownFileType = text.plist.xml; path = Info.plist; sourceTree = "<group>"; };
		200001931DE31F6000DB715D /* GradientView.swift */ = {isa = PBXFileReference; fileEncoding = 4; lastKnownFileType = sourcecode.swift; path = GradientView.swift; sourceTree = "<group>"; };
		20C99D331DE7242A00584943 /* DesingablesFramework.h */ = {isa = PBXFileReference; lastKnownFileType = sourcecode.c.h; path = DesingablesFramework.h; sourceTree = "<group>"; };
		20C99D341DE7242A00584943 /* Info.plist */ = {isa = PBXFileReference; lastKnownFileType = text.plist.xml; path = Info.plist; sourceTree = "<group>"; };
/* End PBXFileReference section */

/* Begin PBXFrameworksBuildPhase section */
		2000017B1DE31F3300DB715D /* Frameworks */ = {
			isa = PBXFrameworksBuildPhase;
			buildActionMask = 2147483647;
			files = (
			);
			runOnlyForDeploymentPostprocessing = 0;
		};
/* End PBXFrameworksBuildPhase section */

/* Begin PBXGroup section */
		200001751DE31F3300DB715D = {
			isa = PBXGroup;
			children = (
				200001801DE31F3300DB715D /* Desingables */,
				20C99D321DE7242A00584943 /* DesingablesFramework */,
				2000017F1DE31F3300DB715D /* Products */,
			);
			sourceTree = "<group>";
		};
		2000017F1DE31F3300DB715D /* Products */ = {
			isa = PBXGroup;
			children = (
				2000017E1DE31F3300DB715D /* Desingables.app */,
			);
			name = Products;
			sourceTree = "<group>";
		};
		200001801DE31F3300DB715D /* Desingables */ = {
			isa = PBXGroup;
			children = (
				200001931DE31F6000DB715D /* GradientView.swift */,
				200001811DE31F3300DB715D /* AppDelegate.swift */,
				200001831DE31F3300DB715D /* ViewController.swift */,
				200001851DE31F3300DB715D /* Main.storyboard */,
				200001881DE31F3300DB715D /* Assets.xcassets */,
				2000018A1DE31F3300DB715D /* LaunchScreen.storyboard */,
				2000018D1DE31F3300DB715D /* Info.plist */,
			);
			path = Desingables;
			sourceTree = "<group>";
		};
		20C99D321DE7242A00584943 /* DesingablesFramework */ = {
			isa = PBXGroup;
			children = (
				20C99D331DE7242A00584943 /* DesingablesFramework.h */,
				20C99D341DE7242A00584943 /* Info.plist */,
			);
			path = DesingablesFramework;
			sourceTree = "<group>";
		};
/* End PBXGroup section */

/* Begin PBXNativeTarget section */
		2000017D1DE31F3300DB715D /* Desingables */ = {
			isa = PBXNativeTarget;
			buildConfigurationList = 200001901DE31F3300DB715D /* Build configuration list for PBXNativeTarget "Desingables" */;
			buildPhases = (
				2000017A1DE31F3300DB715D /* Sources */,
				2000017B1DE31F3300DB715D /* Frameworks */,
				2000017C1DE31F3300DB715D /* Resources */,
				20C99D3D1DE7242A00584943 /* Embed Frameworks */,
			);
			buildRules = (
			);
			dependencies = (
			);
			name = Desingables;
			productName = Desingables;
			productReference = 2000017E1DE31F3300DB715D /* Desingables.app */;
			productType = "com.apple.product-type.application";
		};
/* End PBXNativeTarget section */

/* Begin PBXProject section */
		200001761DE31F3300DB715D /* Project object */ = {
			isa = PBXProject;
			attributes = {
				LastSwiftUpdateCheck = 0800;
				LastUpgradeCheck = 0800;
				ORGANIZATIONNAME = Avast;
				TargetAttributes = {
					2000017D1DE31F3300DB715D = {
						CreatedOnToolsVersion = 8.0;
						DevelopmentTeam = 6H4HRTU5E3;
						ProvisioningStyle = Automatic;
					};
				};
			};
			buildConfigurationList = 200001791DE31F3300DB715D /* Build configuration list for PBXProject "Desingables" */;
			compatibilityVersion = "Xcode 3.2";
			developmentRegion = English;
			hasScannedForEncodings = 0;
			knownRegions = (
				en,
				Base,
			);
			mainGroup = 200001751DE31F3300DB715D;
			productRefGroup = 2000017F1DE31F3300DB715D /* Products */;
			projectDirPath = "";
			projectRoot = "";
			targets = (
				2000017D1DE31F3300DB715D /* Desingables */,
			);
		};
/* End PBXProject section */

/* Begin PBXResourcesBuildPhase section */
		2000017C1DE31F3300DB715D /* Resources */ = {
			isa = PBXResourcesBuildPhase;
			buildActionMask = 2147483647;
			files = (
				2000018C1DE31F3300DB715D /* LaunchScreen.storyboard in Resources */,
				200001891DE31F3300DB715D /* Assets.xcassets in Resources */,
				200001871DE31F3300DB715D /* Main.storyboard in Resources */,
			);
			runOnlyForDeploymentPostprocessing = 0;
		};
/* End PBXResourcesBuildPhase section */

/* Begin PBXSourcesBuildPhase section */
		2000017A1DE31F3300DB715D /* Sources */ = {
			isa = PBXSourcesBuildPhase;
			buildActionMask = 2147483647;
			files = (
				200001841DE31F3300DB715D /* ViewController.swift in Sources */,
				200001821DE31F3300DB715D /* AppDelegate.swift in Sources */,
				200001941DE31F6000DB715D /* GradientView.swift in Sources */,
			);
			runOnlyForDeploymentPostprocessing = 0;
		};
/* End PBXSourcesBuildPhase section */

/* Begin PBXVariantGroup section */
		200001851DE31F3300DB715D /* Main.storyboard */ = {
			isa = PBXVariantGroup;
			children = (
				200001861DE31F3300DB715D /* Base */,
			);
			name = Main.storyboard;
			sourceTree = "<group>";
		};
		2000018A1DE31F3300DB715D /* LaunchScreen.storyboard */ = {
			isa = PBXVariantGroup;
			children = (
				2000018B1DE31F3300DB715D /* Base */,
			);
			name = LaunchScreen.storyboard;
			sourceTree = "<group>";
		};
/* End PBXVariantGroup section */

/* Begin XCBuildConfiguration section */
		2000018E1DE31F3300DB715D /* Debug */ = {
			isa = XCBuildConfiguration;
			buildSettings = {
				ALWAYS_SEARCH_USER_PATHS = NO;
				CLANG_ANALYZER_NONNULL = YES;
				CLANG_CXX_LANGUAGE_STANDARD = "gnu++0x";
				CLANG_CXX_LIBRARY = "libc++";
				CLANG_ENABLE_MODULES = YES;
				CLANG_ENABLE_OBJC_ARC = YES;
				CLANG_WARN_BOOL_CONVERSION = YES;
				CLANG_WARN_CONSTANT_CONVERSION = YES;
				CLANG_WARN_DIRECT_OBJC_ISA_USAGE = YES_ERROR;
				CLANG_WARN_DOCUMENTATION_COMMENTS = YES;
				CLANG_WARN_EMPTY_BODY = YES;
				CLANG_WARN_ENUM_CONVERSION = YES;
				CLANG_WARN_INFINITE_RECURSION = YES;
				CLANG_WARN_INT_CONVERSION = YES;
				CLANG_WARN_OBJC_ROOT_CLASS = YES_ERROR;
				CLANG_WARN_SUSPICIOUS_MOVES = YES;
				CLANG_WARN_UNREACHABLE_CODE = YES;
				CLANG_WARN__DUPLICATE_METHOD_MATCH = YES;
				"CODE_SIGN_IDENTITY[sdk=iphoneos*]" = "iPhone Developer";
				COPY_PHASE_STRIP = NO;
				DEBUG_INFORMATION_FORMAT = dwarf;
				ENABLE_STRICT_OBJC_MSGSEND = YES;
				ENABLE_TESTABILITY = YES;
				GCC_C_LANGUAGE_STANDARD = gnu99;
				GCC_DYNAMIC_NO_PIC = NO;
				GCC_NO_COMMON_BLOCKS = YES;
				GCC_OPTIMIZATION_LEVEL = 0;
				GCC_PREPROCESSOR_DEFINITIONS = (
					"DEBUG=1",
					"$(inherited)",
				);
				GCC_WARN_64_TO_32_BIT_CONVERSION = YES;
				GCC_WARN_ABOUT_RETURN_TYPE = YES_ERROR;
				GCC_WARN_UNDECLARED_SELECTOR = YES;
				GCC_WARN_UNINITIALIZED_AUTOS = YES_AGGRESSIVE;
				GCC_WARN_UNUSED_FUNCTION = YES;
				GCC_WARN_UNUSED_VARIABLE = YES;
				IPHONEOS_DEPLOYMENT_TARGET = 10.0;
				MTL_ENABLE_DEBUG_INFO = YES;
				ONLY_ACTIVE_ARCH = YES;
				SDKROOT = iphoneos;
				SWIFT_ACTIVE_COMPILATION_CONDITIONS = DEBUG;
				SWIFT_OPTIMIZATION_LEVEL = "-Onone";
				TARGETED_DEVICE_FAMILY = "1,2";
			};
			name = Debug;
		};
		2000018F1DE31F3300DB715D /* Release */ = {
			isa = XCBuildConfiguration;
			buildSettings = {
				ALWAYS_SEARCH_USER_PATHS = NO;
				CLANG_ANALYZER_NONNULL = YES;
				CLANG_CXX_LANGUAGE_STANDARD = "gnu++0x";
				CLANG_CXX_LIBRARY = "libc++";
				CLANG_ENABLE_MODULES = YES;
				CLANG_ENABLE_OBJC_ARC = YES;
				CLANG_WARN_BOOL_CONVERSION = YES;
				CLANG_WARN_CONSTANT_CONVERSION = YES;
				CLANG_WARN_DIRECT_OBJC_ISA_USAGE = YES_ERROR;
				CLANG_WARN_DOCUMENTATION_COMMENTS = YES;
				CLANG_WARN_EMPTY_BODY = YES;
				CLANG_WARN_ENUM_CONVERSION = YES;
				CLANG_WARN_INFINITE_RECURSION = YES;
				CLANG_WARN_INT_CONVERSION = YES;
				CLANG_WARN_OBJC_ROOT_CLASS = YES_ERROR;
				CLANG_WARN_SUSPICIOUS_MOVES = YES;
				CLANG_WARN_UNREACHABLE_CODE = YES;
				CLANG_WARN__DUPLICATE_METHOD_MATCH = YES;
				"CODE_SIGN_IDENTITY[sdk=iphoneos*]" = "iPhone Developer";
				COPY_PHASE_STRIP = NO;
				DEBUG_INFORMATION_FORMAT = "dwarf-with-dsym";
				ENABLE_NS_ASSERTIONS = NO;
				ENABLE_STRICT_OBJC_MSGSEND = YES;
				GCC_C_LANGUAGE_STANDARD = gnu99;
				GCC_NO_COMMON_BLOCKS = YES;
				GCC_WARN_64_TO_32_BIT_CONVERSION = YES;
				GCC_WARN_ABOUT_RETURN_TYPE = YES_ERROR;
				GCC_WARN_UNDECLARED_SELECTOR = YES;
				GCC_WARN_UNINITIALIZED_AUTOS = YES_AGGRESSIVE;
				GCC_WARN_UNUSED_FUNCTION = YES;
				GCC_WARN_UNUSED_VARIABLE = YES;
				IPHONEOS_DEPLOYMENT_TARGET = 10.0;
				MTL_ENABLE_DEBUG_INFO = NO;
				SDKROOT = iphoneos;
				SWIFT_OPTIMIZATION_LEVEL = "-Owholemodule";
				TARGETED_DEVICE_FAMILY = "1,2";
				VALIDATE_PRODUCT = YES;
			};
			name = Release;
		};
		200001911DE31F3300DB715D /* Debug */ = {
			isa = XCBuildConfiguration;
			buildSettings = {
				ALWAYS_EMBED_SWIFT_STANDARD_LIBRARIES = YES;
				ASSETCATALOG_COMPILER_APPICON_NAME = AppIcon;
				DEVELOPMENT_TEAM = 6H4HRTU5E3;
				INFOPLIST_FILE = Desingables/Info.plist;
				LD_RUNPATH_SEARCH_PATHS = "$(inherited) @executable_path/Frameworks";
				PRODUCT_BUNDLE_IDENTIFIER = com.avast.ios.Desingables;
				PRODUCT_NAME = "$(TARGET_NAME)";
				SWIFT_VERSION = 3.0;
			};
			name = Debug;
		};
		200001921DE31F3300DB715D /* Release */ = {
			isa = XCBuildConfiguration;
			buildSettings = {
				ALWAYS_EMBED_SWIFT_STANDARD_LIBRARIES = YES;
				ASSETCATALOG_COMPILER_APPICON_NAME = AppIcon;
				DEVELOPMENT_TEAM = 6H4HRTU5E3;
				INFOPLIST_FILE = Desingables/Info.plist;
				LD_RUNPATH_SEARCH_PATHS = "$(inherited) @executable_path/Frameworks";
				PRODUCT_BUNDLE_IDENTIFIER = com.avast.ios.Desingables;
				PRODUCT_NAME = "$(TARGET_NAME)";
				SWIFT_VERSION = 3.0;
			};
			name = Release;
		};
/* End XCBuildConfiguration section */

/* Begin XCConfigurationList section */
		200001791DE31F3300DB715D /* Build configuration list for PBXProject "Desingables" */ = {
			isa = XCConfigurationList;
			buildConfigurations = (
				2000018E1DE31F3300DB715D /* Debug */,
				2000018F1DE31F3300DB715D /* Release */,
			);
			defaultConfigurationIsVisible = 0;
			defaultConfigurationName = Release;
		};
		200001901DE31F3300DB715D /* Build configuration list for PBXNativeTarget "Desingables" */ = {
			isa = XCConfigurationList;
			buildConfigurations = (
				200001911DE31F3300DB715D /* Debug */,
				200001921DE31F3300DB715D /* Release */,
			);
			defaultConfigurationIsVisible = 0;
			defaultConfigurationName = Release;
		};
/* End XCConfigurationList section */
	};
	rootObject = 200001761DE31F3300DB715D /* Project object */;
}
